
Microsoft Visual Studio Solution File, Format Version 12.00
# Visual Studio Version 17
VisualStudioVersion = 17.1.32328.378
MinimumVisualStudioVersion = 10.0.40219.1
Project("{9A19103F-16F7-4668-BE54-9A1E7A4F7556}") = "stage0", "stage0.csproj", "{96B7D077-C8AE-42C4-AF52-F66345F6BBDF}"
EndProject
Global
	GlobalSection(SolutionConfigurationPlatforms) = preSolution
		Debug|Any CPU = Debug|Any CPU
		Release|Any CPU = Release|Any CPU
	EndGlobalSection
	GlobalSection(ProjectConfigurationPlatforms) = postSolution
		{96B7D077-C8AE-42C4-AF52-F66345F6BBDF}.Debug|Any CPU.ActiveCfg = Debug|Any CPU
		{96B7D077-C8AE-42C4-AF52-F66345F6BBDF}.Debug|Any CPU.Build.0 = Debug|Any CPU
		{96B7D077-C8AE-42C4-AF52-F66345F6BBDF}.Release|Any CPU.ActiveCfg = Release|Any CPU
		{96B7D077-C8AE-42C4-AF52-F66345F6BBDF}.Release|Any CPU.Build.0 = Release|Any CPU
	EndGlobalSection
	GlobalSection(SolutionProperties) = preSolution
		HideSolutionNode = FALSE
	EndGlobalSection
	GlobalSection(ExtensibilityGlobals) = postSolution
		SolutionGuid = {6A5C80FE-6761-422A-BBFA-846891C69670}
	EndGlobalSection
EndGlobal
